
Microsoft Visual Studio Solution File, Format Version 12.00
# Visual Studio Version 16
VisualStudioVersion = 16.0.30104.148
MinimumVisualStudioVersion = 10.0.40219.1
Project("{FAE04EC0-301F-11D3-BF4B-00C04F79EFBC}") = "Poo getter y setters", "Poo getter y setters.csproj", "{65498C8B-C6B4-4D74-97A7-F7E584BE3FDB}"
EndProject
Global
	GlobalSection(SolutionConfigurationPlatforms) = preSolution
		Debug|Any CPU = Debug|Any CPU
		Release|Any CPU = Release|Any CPU
	EndGlobalSection
	GlobalSection(ProjectConfigurationPlatforms) = postSolution
		{65498C8B-C6B4-4D74-97A7-F7E584BE3FDB}.Debug|Any CPU.ActiveCfg = Debug|Any CPU
		{65498C8B-C6B4-4D74-97A7-F7E584BE3FDB}.Debug|Any CPU.Build.0 = Debug|Any CPU
		{65498C8B-C6B4-4D74-97A7-F7E584BE3FDB}.Release|Any CPU.ActiveCfg = Release|Any CPU
		{65498C8B-C6B4-4D74-97A7-F7E584BE3FDB}.Release|Any CPU.Build.0 = Release|Any CPU
	EndGlobalSection
	GlobalSection(SolutionProperties) = preSolution
		HideSolutionNode = FALSE
	EndGlobalSection
	GlobalSection(ExtensibilityGlobals) = postSolution
		SolutionGuid = {899ED642-ACAB-48BA-A5C0-499FD5990DFF}
	EndGlobalSection
EndGlobal
